
Microsoft Visual Studio Solution File, Format Version 12.00
# Visual Studio Version 17
VisualStudioVersion = 17.13.35818.85 d17.13
MinimumVisualStudioVersion = 10.0.40219.1
Project("{FAE04EC0-301F-11D3-BF4B-00C04F79EFBC}") = "JAwelsAndDiamonds", "JAwelsAndDiamonds\JAwelsAndDiamonds.csproj", "{822D1EA3-DD68-4DB5-84AE-CD76DB785C6E}"
EndProject
Global
	GlobalSection(SolutionConfigurationPlatforms) = preSolution
		Debug|Any CPU = Debug|Any CPU
		Release|Any CPU = Release|Any CPU
	EndGlobalSection
	GlobalSection(ProjectConfigurationPlatforms) = postSolution
		{822D1EA3-DD68-4DB5-84AE-CD76DB785C6E}.Debug|Any CPU.ActiveCfg = Debug|Any CPU
		{822D1EA3-DD68-4DB5-84AE-CD76DB785C6E}.Debug|Any CPU.Build.0 = Debug|Any CPU
		{822D1EA3-DD68-4DB5-84AE-CD76DB785C6E}.Release|Any CPU.ActiveCfg = Release|Any CPU
		{822D1EA3-DD68-4DB5-84AE-CD76DB785C6E}.Release|Any CPU.Build.0 = Release|Any CPU
	EndGlobalSection
	GlobalSection(SolutionProperties) = preSolution
		HideSolutionNode = FALSE
	EndGlobalSection
	GlobalSection(ExtensibilityGlobals) = postSolution
		SolutionGuid = {C5FF06E1-0521-4C0F-AB7E-B503CBEA038F}
	EndGlobalSection
EndGlobal
